
Microsoft Visual Studio Solution File, Format Version 12.00
# Visual Studio Version 16
VisualStudioVersion = 16.0.30011.22
MinimumVisualStudioVersion = 10.0.40219.1
Project("{888888A0-9F3D-457C-B088-3A5042F75D52}") = "FlaskAPI", "FlaskAPI.pyproj", "{A12EB969-EEAC-4073-9F89-92A849F53DFF}"
EndProject
Global
	GlobalSection(SolutionConfigurationPlatforms) = preSolution
		Debug|Any CPU = Debug|Any CPU
		Release|Any CPU = Release|Any CPU
	EndGlobalSection
	GlobalSection(ProjectConfigurationPlatforms) = postSolution
		{A12EB969-EEAC-4073-9F89-92A849F53DFF}.Debug|Any CPU.ActiveCfg = Debug|Any CPU
		{A12EB969-EEAC-4073-9F89-92A849F53DFF}.Release|Any CPU.ActiveCfg = Release|Any CPU
	EndGlobalSection
	GlobalSection(SolutionProperties) = preSolution
		HideSolutionNode = FALSE
	EndGlobalSection
	GlobalSection(ExtensibilityGlobals) = postSolution
		SolutionGuid = {E8106174-7FDA-4192-AC97-8C46F3BFC2FF}
	EndGlobalSection
EndGlobal
